
Microsoft Visual Studio Solution File, Format Version 12.00
# Visual Studio Version 17
VisualStudioVersion = 17.14.36414.22 d17.14
MinimumVisualStudioVersion = 10.0.40219.1
Project("{FAE04EC0-301F-11D3-BF4B-00C04F79EFBC}") = "PersonEditor", "PersonEditor\PersonEditor.csproj", "{D1D143FB-4C29-485A-BEA0-0FB877ADA7D9}"
EndProject
Global
	GlobalSection(SolutionConfigurationPlatforms) = preSolution
		Debug|Any CPU = Debug|Any CPU
		Release|Any CPU = Release|Any CPU
	EndGlobalSection
	GlobalSection(ProjectConfigurationPlatforms) = postSolution
		{D1D143FB-4C29-485A-BEA0-0FB877ADA7D9}.Debug|Any CPU.ActiveCfg = Debug|Any CPU
		{D1D143FB-4C29-485A-BEA0-0FB877ADA7D9}.Debug|Any CPU.Build.0 = Debug|Any CPU
		{D1D143FB-4C29-485A-BEA0-0FB877ADA7D9}.Release|Any CPU.ActiveCfg = Release|Any CPU
		{D1D143FB-4C29-485A-BEA0-0FB877ADA7D9}.Release|Any CPU.Build.0 = Release|Any CPU
	EndGlobalSection
	GlobalSection(SolutionProperties) = preSolution
		HideSolutionNode = FALSE
	EndGlobalSection
	GlobalSection(ExtensibilityGlobals) = postSolution
		SolutionGuid = {744B1A2B-D8AF-4D9F-B8C5-A0ABA57D66F7}
	EndGlobalSection
EndGlobal
