
Microsoft Visual Studio Solution File, Format Version 12.00
# Visual Studio Version 17
VisualStudioVersion = 17.5.33530.505
MinimumVisualStudioVersion = 10.0.40219.1
Project("{9A19103F-16F7-4668-BE54-9A1E7A4F7556}") = "CarServicingConsole", "CarServicingConsole\CarServicingConsole.csproj", "{111F1D29-402D-4207-850E-A87DD1A9466F}"
EndProject
Global
	GlobalSection(SolutionConfigurationPlatforms) = preSolution
		Debug|Any CPU = Debug|Any CPU
		Release|Any CPU = Release|Any CPU
	EndGlobalSection
	GlobalSection(ProjectConfigurationPlatforms) = postSolution
		{111F1D29-402D-4207-850E-A87DD1A9466F}.Debug|Any CPU.ActiveCfg = Debug|Any CPU
		{111F1D29-402D-4207-850E-A87DD1A9466F}.Debug|Any CPU.Build.0 = Debug|Any CPU
		{111F1D29-402D-4207-850E-A87DD1A9466F}.Release|Any CPU.ActiveCfg = Release|Any CPU
		{111F1D29-402D-4207-850E-A87DD1A9466F}.Release|Any CPU.Build.0 = Release|Any CPU
	EndGlobalSection
	GlobalSection(SolutionProperties) = preSolution
		HideSolutionNode = FALSE
	EndGlobalSection
	GlobalSection(ExtensibilityGlobals) = postSolution
		SolutionGuid = {298387BE-CE8E-4E77-9356-2E53D30C895E}
	EndGlobalSection
EndGlobal
