
Microsoft Visual Studio Solution File, Format Version 12.00
# Visual Studio Version 17
VisualStudioVersion = 17.6.33815.320
MinimumVisualStudioVersion = 10.0.40219.1
Project("{FAE04EC0-301F-11D3-BF4B-00C04F79EFBC}") = "Opdracht_Studiefinanciering", "Opdracht_Studiefinanciering\Opdracht_Studiefinanciering.csproj", "{3034C27C-E4ED-4CB7-AF55-F2D46BF616A5}"
EndProject
Project("{2150E333-8FDC-42A3-9474-1A3956D46DE8}") = "Libraries", "Libraries", "{28F00A6D-6D1E-493F-B535-E2BFD22AA334}"
EndProject
Project("{FAE04EC0-301F-11D3-BF4B-00C04F79EFBC}") = "OverheidLibrary", "OverheidLibrary\OverheidLibrary.csproj", "{B48A0AD2-9FC5-40C8-A7E2-97080218F600}"
EndProject
Project("{FAE04EC0-301F-11D3-BF4B-00C04F79EFBC}") = "StudentLibrary", "StudentLibrary\StudentLibrary.csproj", "{2A29F50C-72DE-47A1-BE7A-87466721EC04}"
EndProject
Global
	GlobalSection(SolutionConfigurationPlatforms) = preSolution
		Debug|Any CPU = Debug|Any CPU
		Release|Any CPU = Release|Any CPU
	EndGlobalSection
	GlobalSection(ProjectConfigurationPlatforms) = postSolution
		{3034C27C-E4ED-4CB7-AF55-F2D46BF616A5}.Debug|Any CPU.ActiveCfg = Debug|Any CPU
		{3034C27C-E4ED-4CB7-AF55-F2D46BF616A5}.Debug|Any CPU.Build.0 = Debug|Any CPU
		{3034C27C-E4ED-4CB7-AF55-F2D46BF616A5}.Release|Any CPU.ActiveCfg = Release|Any CPU
		{3034C27C-E4ED-4CB7-AF55-F2D46BF616A5}.Release|Any CPU.Build.0 = Release|Any CPU
		{B48A0AD2-9FC5-40C8-A7E2-97080218F600}.Debug|Any CPU.ActiveCfg = Debug|Any CPU
		{B48A0AD2-9FC5-40C8-A7E2-97080218F600}.Debug|Any CPU.Build.0 = Debug|Any CPU
		{B48A0AD2-9FC5-40C8-A7E2-97080218F600}.Release|Any CPU.ActiveCfg = Release|Any CPU
		{B48A0AD2-9FC5-40C8-A7E2-97080218F600}.Release|Any CPU.Build.0 = Release|Any CPU
		{2A29F50C-72DE-47A1-BE7A-87466721EC04}.Debug|Any CPU.ActiveCfg = Debug|Any CPU
		{2A29F50C-72DE-47A1-BE7A-87466721EC04}.Debug|Any CPU.Build.0 = Debug|Any CPU
		{2A29F50C-72DE-47A1-BE7A-87466721EC04}.Release|Any CPU.ActiveCfg = Release|Any CPU
		{2A29F50C-72DE-47A1-BE7A-87466721EC04}.Release|Any CPU.Build.0 = Release|Any CPU
	EndGlobalSection
	GlobalSection(SolutionProperties) = preSolution
		HideSolutionNode = FALSE
	EndGlobalSection
	GlobalSection(NestedProjects) = preSolution
		{B48A0AD2-9FC5-40C8-A7E2-97080218F600} = {28F00A6D-6D1E-493F-B535-E2BFD22AA334}
		{2A29F50C-72DE-47A1-BE7A-87466721EC04} = {28F00A6D-6D1E-493F-B535-E2BFD22AA334}
	EndGlobalSection
	GlobalSection(ExtensibilityGlobals) = postSolution
		SolutionGuid = {650899BE-2F6E-4664-8B48-7CBF9197758A}
	EndGlobalSection
EndGlobal
