
Microsoft Visual Studio Solution File, Format Version 12.00
# Visual Studio Version 17
VisualStudioVersion = 17.9.34607.119
MinimumVisualStudioVersion = 10.0.40219.1
Project("{FAE04EC0-301F-11D3-BF4B-00C04F79EFBC}") = "Uitwerking_CallByValOrRef", "Uitwerking_CallByValOrRef\Uitwerking_CallByValOrRef.csproj", "{A251DA46-EF56-47E5-A757-F60040AAC6FD}"
EndProject
Global
	GlobalSection(SolutionConfigurationPlatforms) = preSolution
		Debug|Any CPU = Debug|Any CPU
		Release|Any CPU = Release|Any CPU
	EndGlobalSection
	GlobalSection(ProjectConfigurationPlatforms) = postSolution
		{A251DA46-EF56-47E5-A757-F60040AAC6FD}.Debug|Any CPU.ActiveCfg = Debug|Any CPU
		{A251DA46-EF56-47E5-A757-F60040AAC6FD}.Debug|Any CPU.Build.0 = Debug|Any CPU
		{A251DA46-EF56-47E5-A757-F60040AAC6FD}.Release|Any CPU.ActiveCfg = Release|Any CPU
		{A251DA46-EF56-47E5-A757-F60040AAC6FD}.Release|Any CPU.Build.0 = Release|Any CPU
	EndGlobalSection
	GlobalSection(SolutionProperties) = preSolution
		HideSolutionNode = FALSE
	EndGlobalSection
	GlobalSection(ExtensibilityGlobals) = postSolution
		SolutionGuid = {2D146F8B-675A-461E-9715-8D09FEA264A6}
	EndGlobalSection
EndGlobal
