
Microsoft Visual Studio Solution File, Format Version 12.00
# Visual Studio Version 17
VisualStudioVersion = 17.6.33815.320
MinimumVisualStudioVersion = 10.0.40219.1
Project("{FAE04EC0-301F-11D3-BF4B-00C04F79EFBC}") = "PersonConsole", "PersonConsole\PersonConsole.csproj", "{65CFCDA8-99EE-4900-B183-716493F2CE40}"
EndProject
Project("{FAE04EC0-301F-11D3-BF4B-00C04F79EFBC}") = "PrintDelegateConsole", "PrintDelegateConsole\PrintDelegateConsole.csproj", "{DCABDB06-0D71-49C2-800F-B15925E37DF1}"
EndProject
Global
	GlobalSection(SolutionConfigurationPlatforms) = preSolution
		Debug|Any CPU = Debug|Any CPU
		Release|Any CPU = Release|Any CPU
	EndGlobalSection
	GlobalSection(ProjectConfigurationPlatforms) = postSolution
		{65CFCDA8-99EE-4900-B183-716493F2CE40}.Debug|Any CPU.ActiveCfg = Debug|Any CPU
		{65CFCDA8-99EE-4900-B183-716493F2CE40}.Debug|Any CPU.Build.0 = Debug|Any CPU
		{65CFCDA8-99EE-4900-B183-716493F2CE40}.Release|Any CPU.ActiveCfg = Release|Any CPU
		{65CFCDA8-99EE-4900-B183-716493F2CE40}.Release|Any CPU.Build.0 = Release|Any CPU
		{DCABDB06-0D71-49C2-800F-B15925E37DF1}.Debug|Any CPU.ActiveCfg = Debug|Any CPU
		{DCABDB06-0D71-49C2-800F-B15925E37DF1}.Debug|Any CPU.Build.0 = Debug|Any CPU
		{DCABDB06-0D71-49C2-800F-B15925E37DF1}.Release|Any CPU.ActiveCfg = Release|Any CPU
		{DCABDB06-0D71-49C2-800F-B15925E37DF1}.Release|Any CPU.Build.0 = Release|Any CPU
	EndGlobalSection
	GlobalSection(SolutionProperties) = preSolution
		HideSolutionNode = FALSE
	EndGlobalSection
	GlobalSection(ExtensibilityGlobals) = postSolution
		SolutionGuid = {471CF6DD-415C-4AFC-8CB0-073457D255E3}
	EndGlobalSection
EndGlobal
