
Microsoft Visual Studio Solution File, Format Version 12.00
# Visual Studio 15
VisualStudioVersion = 15.0.26730.12
MinimumVisualStudioVersion = 10.0.40219.1
Project("{FAE04EC0-301F-11D3-BF4B-00C04F79EFBC}") = "AlarmSysteemDierentuin", "AlarmSysteemDierentuin.csproj", "{27B11038-5EFA-4474-B738-91A28E5581CA}"
EndProject
Global
	GlobalSection(SolutionConfigurationPlatforms) = preSolution
		Debug|Any CPU = Debug|Any CPU
		Release|Any CPU = Release|Any CPU
	EndGlobalSection
	GlobalSection(ProjectConfigurationPlatforms) = postSolution
		{27B11038-5EFA-4474-B738-91A28E5581CA}.Debug|Any CPU.ActiveCfg = Debug|Any CPU
		{27B11038-5EFA-4474-B738-91A28E5581CA}.Debug|Any CPU.Build.0 = Debug|Any CPU
		{27B11038-5EFA-4474-B738-91A28E5581CA}.Release|Any CPU.ActiveCfg = Release|Any CPU
		{27B11038-5EFA-4474-B738-91A28E5581CA}.Release|Any CPU.Build.0 = Release|Any CPU
	EndGlobalSection
	GlobalSection(SolutionProperties) = preSolution
		HideSolutionNode = FALSE
	EndGlobalSection
	GlobalSection(ExtensibilityGlobals) = postSolution
		SolutionGuid = {44B0DEDD-2897-4ABC-B083-4FF02E512900}
	EndGlobalSection
EndGlobal
