
Microsoft Visual Studio Solution File, Format Version 12.00
# Visual Studio Version 17
VisualStudioVersion = 17.11.35222.181
MinimumVisualStudioVersion = 10.0.40219.1
Project("{FAE04EC0-301F-11D3-BF4B-00C04F79EFBC}") = "SolarSystem", "SolarSystem\SolarSystem.csproj", "{01B64ED5-DE45-4A14-B3F6-98246EA8DEA4}"
EndProject
Global
	GlobalSection(SolutionConfigurationPlatforms) = preSolution
		Debug|Any CPU = Debug|Any CPU
		Release|Any CPU = Release|Any CPU
	EndGlobalSection
	GlobalSection(ProjectConfigurationPlatforms) = postSolution
		{01B64ED5-DE45-4A14-B3F6-98246EA8DEA4}.Debug|Any CPU.ActiveCfg = Debug|Any CPU
		{01B64ED5-DE45-4A14-B3F6-98246EA8DEA4}.Debug|Any CPU.Build.0 = Debug|Any CPU
		{01B64ED5-DE45-4A14-B3F6-98246EA8DEA4}.Release|Any CPU.ActiveCfg = Release|Any CPU
		{01B64ED5-DE45-4A14-B3F6-98246EA8DEA4}.Release|Any CPU.Build.0 = Release|Any CPU
	EndGlobalSection
	GlobalSection(SolutionProperties) = preSolution
		HideSolutionNode = FALSE
	EndGlobalSection
	GlobalSection(ExtensibilityGlobals) = postSolution
		SolutionGuid = {5845093E-F6D0-44BD-9C55-C15193CF385A}
	EndGlobalSection
EndGlobal
