
Microsoft Visual Studio Solution File, Format Version 12.00
# Visual Studio Version 17
VisualStudioVersion = 17.9.34607.119
MinimumVisualStudioVersion = 10.0.40219.1
Project("{FAE04EC0-301F-11D3-BF4B-00C04F79EFBC}") = "Uitwerking_Zeilboot", "Uitwerking_Zeilboot\Uitwerking_Zeilboot.csproj", "{D880FDEF-45FA-4E6D-AF24-B925C87380E4}"
EndProject
Global
	GlobalSection(SolutionConfigurationPlatforms) = preSolution
		Debug|Any CPU = Debug|Any CPU
		Release|Any CPU = Release|Any CPU
	EndGlobalSection
	GlobalSection(ProjectConfigurationPlatforms) = postSolution
		{D880FDEF-45FA-4E6D-AF24-B925C87380E4}.Debug|Any CPU.ActiveCfg = Debug|Any CPU
		{D880FDEF-45FA-4E6D-AF24-B925C87380E4}.Debug|Any CPU.Build.0 = Debug|Any CPU
		{D880FDEF-45FA-4E6D-AF24-B925C87380E4}.Release|Any CPU.ActiveCfg = Release|Any CPU
		{D880FDEF-45FA-4E6D-AF24-B925C87380E4}.Release|Any CPU.Build.0 = Release|Any CPU
	EndGlobalSection
	GlobalSection(SolutionProperties) = preSolution
		HideSolutionNode = FALSE
	EndGlobalSection
	GlobalSection(ExtensibilityGlobals) = postSolution
		SolutionGuid = {7B6FB0F0-91C5-4A08-A01B-410147453C6E}
	EndGlobalSection
EndGlobal
